# THIS IS AN AUTOGENERATED FILE. DO NOT EDIT THIS FILE DIRECTLY.
# yarn lockfile v1


date-fns@^2.23.0:
  version "2.23.0"
  resolved "https://registry.yarnpkg.com/date-fns/-/date-fns-2.23.0.tgz#4e886c941659af0cf7b30fafdd1eaa37e88788a9"
  integrity sha512-5ycpauovVyAk0kXNZz6ZoB9AYMZB4DObse7P3BPWmyEjXNORTI8EJ6X0uaSAq4sCHzM1uajzrkr6HnsLQpxGXA==

twitter-api-v2@^1.5.0:
  version "1.5.0"
  resolved "https://registry.yarnpkg.com/twitter-api-v2/-/twitter-api-v2-1.5.0.tgz#2e4e2819ee237f106a0dd11444858e555b7547a5"
  integrity sha512-CvF8Lm+JQR7qoX2kiAOgL1mSMyZ6VX3JIsFQNcUK3kJ3GZIfnfchqWyJyf8jON9q0xLAXPxHVXbqWtKD8c5uIA==
